
Microsoft Visual Studio Solution File, Format Version 12.00
# Visual Studio 15
VisualStudioVersion = 15.0.26124.0
MinimumVisualStudioVersion = 15.0.26124.0
Project("{FAE04EC0-301F-11D3-BF4B-00C04F79EFBC}") = "Domain", "Domain\Domain.csproj", "{7CF4854C-0265-4CAD-A5AF-E51525534CBB}"
EndProject
Project("{FAE04EC0-301F-11D3-BF4B-00C04F79EFBC}") = "Application", "Application\Application.csproj", "{772265B2-8358-48CB-B30B-261E45096793}"
EndProject
Project("{FAE04EC0-301F-11D3-BF4B-00C04F79EFBC}") = "Persistence", "Persistence\Persistence.csproj", "{55A51DF1-4E7B-4B2D-ADC5-3CEB256AE4CC}"
EndProject
Project("{FAE04EC0-301F-11D3-BF4B-00C04F79EFBC}") = "API", "API\API.csproj", "{8716F340-4914-42B7-ABA0-FD328E5447D3}"
EndProject
Global
	GlobalSection(SolutionConfigurationPlatforms) = preSolution
		Debug|Any CPU = Debug|Any CPU
		Debug|x64 = Debug|x64
		Debug|x86 = Debug|x86
		Release|Any CPU = Release|Any CPU
		Release|x64 = Release|x64
		Release|x86 = Release|x86
	EndGlobalSection
	GlobalSection(SolutionProperties) = preSolution
		HideSolutionNode = FALSE
	EndGlobalSection
	GlobalSection(ProjectConfigurationPlatforms) = postSolution
		{7CF4854C-0265-4CAD-A5AF-E51525534CBB}.Debug|Any CPU.ActiveCfg = Debug|Any CPU
		{7CF4854C-0265-4CAD-A5AF-E51525534CBB}.Debug|Any CPU.Build.0 = Debug|Any CPU
		{7CF4854C-0265-4CAD-A5AF-E51525534CBB}.Debug|x64.ActiveCfg = Debug|Any CPU
		{7CF4854C-0265-4CAD-A5AF-E51525534CBB}.Debug|x64.Build.0 = Debug|Any CPU
		{7CF4854C-0265-4CAD-A5AF-E51525534CBB}.Debug|x86.ActiveCfg = Debug|Any CPU
		{7CF4854C-0265-4CAD-A5AF-E51525534CBB}.Debug|x86.Build.0 = Debug|Any CPU
		{7CF4854C-0265-4CAD-A5AF-E51525534CBB}.Release|Any CPU.ActiveCfg = Release|Any CPU
		{7CF4854C-0265-4CAD-A5AF-E51525534CBB}.Release|Any CPU.Build.0 = Release|Any CPU
		{7CF4854C-0265-4CAD-A5AF-E51525534CBB}.Release|x64.ActiveCfg = Release|Any CPU
		{7CF4854C-0265-4CAD-A5AF-E51525534CBB}.Release|x64.Build.0 = Release|Any CPU
		{7CF4854C-0265-4CAD-A5AF-E51525534CBB}.Release|x86.ActiveCfg = Release|Any CPU
		{7CF4854C-0265-4CAD-A5AF-E51525534CBB}.Release|x86.Build.0 = Release|Any CPU
		{772265B2-8358-48CB-B30B-261E45096793}.Debug|Any CPU.ActiveCfg = Debug|Any CPU
		{772265B2-8358-48CB-B30B-261E45096793}.Debug|Any CPU.Build.0 = Debug|Any CPU
		{772265B2-8358-48CB-B30B-261E45096793}.Debug|x64.ActiveCfg = Debug|Any CPU
		{772265B2-8358-48CB-B30B-261E45096793}.Debug|x64.Build.0 = Debug|Any CPU
		{772265B2-8358-48CB-B30B-261E45096793}.Debug|x86.ActiveCfg = Debug|Any CPU
		{772265B2-8358-48CB-B30B-261E45096793}.Debug|x86.Build.0 = Debug|Any CPU
		{772265B2-8358-48CB-B30B-261E45096793}.Release|Any CPU.ActiveCfg = Release|Any CPU
		{772265B2-8358-48CB-B30B-261E45096793}.Release|Any CPU.Build.0 = Release|Any CPU
		{772265B2-8358-48CB-B30B-261E45096793}.Release|x64.ActiveCfg = Release|Any CPU
		{772265B2-8358-48CB-B30B-261E45096793}.Release|x64.Build.0 = Release|Any CPU
		{772265B2-8358-48CB-B30B-261E45096793}.Release|x86.ActiveCfg = Release|Any CPU
		{772265B2-8358-48CB-B30B-261E45096793}.Release|x86.Build.0 = Release|Any CPU
		{55A51DF1-4E7B-4B2D-ADC5-3CEB256AE4CC}.Debug|Any CPU.ActiveCfg = Debug|Any CPU
		{55A51DF1-4E7B-4B2D-ADC5-3CEB256AE4CC}.Debug|Any CPU.Build.0 = Debug|Any CPU
		{55A51DF1-4E7B-4B2D-ADC5-3CEB256AE4CC}.Debug|x64.ActiveCfg = Debug|Any CPU
		{55A51DF1-4E7B-4B2D-ADC5-3CEB256AE4CC}.Debug|x64.Build.0 = Debug|Any CPU
		{55A51DF1-4E7B-4B2D-ADC5-3CEB256AE4CC}.Debug|x86.ActiveCfg = Debug|Any CPU
		{55A51DF1-4E7B-4B2D-ADC5-3CEB256AE4CC}.Debug|x86.Build.0 = Debug|Any CPU
		{55A51DF1-4E7B-4B2D-ADC5-3CEB256AE4CC}.Release|Any CPU.ActiveCfg = Release|Any CPU
		{55A51DF1-4E7B-4B2D-ADC5-3CEB256AE4CC}.Release|Any CPU.Build.0 = Release|Any CPU
		{55A51DF1-4E7B-4B2D-ADC5-3CEB256AE4CC}.Release|x64.ActiveCfg = Release|Any CPU
		{55A51DF1-4E7B-4B2D-ADC5-3CEB256AE4CC}.Release|x64.Build.0 = Release|Any CPU
		{55A51DF1-4E7B-4B2D-ADC5-3CEB256AE4CC}.Release|x86.ActiveCfg = Release|Any CPU
		{55A51DF1-4E7B-4B2D-ADC5-3CEB256AE4CC}.Release|x86.Build.0 = Release|Any CPU
		{8716F340-4914-42B7-ABA0-FD328E5447D3}.Debug|Any CPU.ActiveCfg = Debug|Any CPU
		{8716F340-4914-42B7-ABA0-FD328E5447D3}.Debug|Any CPU.Build.0 = Debug|Any CPU
		{8716F340-4914-42B7-ABA0-FD328E5447D3}.Debug|x64.ActiveCfg = Debug|Any CPU
		{8716F340-4914-42B7-ABA0-FD328E5447D3}.Debug|x64.Build.0 = Debug|Any CPU
		{8716F340-4914-42B7-ABA0-FD328E5447D3}.Debug|x86.ActiveCfg = Debug|Any CPU
		{8716F340-4914-42B7-ABA0-FD328E5447D3}.Debug|x86.Build.0 = Debug|Any CPU
		{8716F340-4914-42B7-ABA0-FD328E5447D3}.Release|Any CPU.ActiveCfg = Release|Any CPU
		{8716F340-4914-42B7-ABA0-FD328E5447D3}.Release|Any CPU.Build.0 = Release|Any CPU
		{8716F340-4914-42B7-ABA0-FD328E5447D3}.Release|x64.ActiveCfg = Release|Any CPU
		{8716F340-4914-42B7-ABA0-FD328E5447D3}.Release|x64.Build.0 = Release|Any CPU
		{8716F340-4914-42B7-ABA0-FD328E5447D3}.Release|x86.ActiveCfg = Release|Any CPU
		{8716F340-4914-42B7-ABA0-FD328E5447D3}.Release|x86.Build.0 = Release|Any CPU
	EndGlobalSection
EndGlobal
